PODS:
  - AFNetworking (3.1.0):
    - AFNetworking/NSURLSession (= 3.1.0)
    - AFNetworking/Reachability (= 3.1.0)
    - AFNetworking/Security (= 3.1.0)
    - AFNetworking/Serialization (= 3.1.0)
    - AFNetworking/UIKit (= 3.1.0)
  - AFNetworking/NSURLSession (3.1.0):
    - AFNetworking/Reachability
    - AFNetworking/Security
    - AFNetworking/Serialization
  - AFNetworking/Reachability (3.1.0)
  - AFNetworking/Security (3.1.0)
  - AFNetworking/Serialization (3.1.0)
  - AFNetworking/UIKit (3.1.0):
    - AFNetworking/NSURLSession
  - CHTCollectionViewWaterfallLayout (0.9.4):
    - CHTCollectionViewWaterfallLayout/ObjC (= 0.9.4)
  - CHTCollectionViewWaterfallLayout/ObjC (0.9.4)
  - JSQMessagesViewController (7.3.3):
    - JSQSystemSoundPlayer (~> 2.0.1)
  - JSQSystemSoundPlayer (2.0.1)
  - NSDate+TimeAgo (1.0.6)
  - Socket.IO-Client-Swift (6.1.4)
  - TURecipientBar (2.0.2)
  - UITextView+Placeholder (1.2.0)

DEPENDENCIES:
  - AFNetworking (~> 3.0)
  - CHTCollectionViewWaterfallLayout
  - JSQMessagesViewController
  - NSDate+TimeAgo
  - Socket.IO-Client-Swift (~> 6.1.4)
  - TURecipientBar (~> 2.0)
  - UITextView+Placeholder (~> 1.2)

SPEC CHECKSUMS:
  AFNetworking: 5e0e199f73d8626b11e79750991f5d173d1f8b67
  CHTCollectionViewWaterfallLayout: db74be9135826d285f45ff163fd090e57c99fc50
  JSQMessagesViewController: 0ee3f80237268192a3e8337fd0d787f1a1bf5a7a
  JSQSystemSoundPlayer: c5850e77a4363ffd374cd851154b9af93264ed8d
  NSDate+TimeAgo: 35601c619b2d59290055e4fe76e61d97677a2360
  Socket.IO-Client-Swift: 79dfbbe170d7816c84e2d3cc2baa3d227549e067
  TURecipientBar: d701cfb1413b212169bdfc30de1721c7da0e15fc
  UITextView+Placeholder: 77680995fcdd07c3f52ec92fe1150874a2ac89ff

COCOAPODS: 0.39.0
